
Microsoft Visual Studio Solution File, Format Version 12.00
# Visual Studio Version 16
VisualStudioVersion = 16.0.30104.148
MinimumVisualStudioVersion = 10.0.40219.1
Project("{8BC9CEB8-8B4A-11D0-8D11-00A0C91BC942}") = "CornerGrocerTracker1", "CornerGrocerTracker1.vcxproj", "{A85A30B7-1B7A-4072-85E0-809BD8E61CF6}"
EndProject
Global
	GlobalSection(SolutionConfigurationPlatforms) = preSolution
		Debug|x64 = Debug|x64
		Debug|x86 = Debug|x86
		Release|x64 = Release|x64
		Release|x86 = Release|x86
	EndGlobalSection
	GlobalSection(ProjectConfigurationPlatforms) = postSolution
		{A85A30B7-1B7A-4072-85E0-809BD8E61CF6}.Debug|x64.ActiveCfg = Debug|x64
		{A85A30B7-1B7A-4072-85E0-809BD8E61CF6}.Debug|x64.Build.0 = Debug|x64
		{A85A30B7-1B7A-4072-85E0-809BD8E61CF6}.Debug|x86.ActiveCfg = Debug|Win32
		{A85A30B7-1B7A-4072-85E0-809BD8E61CF6}.Debug|x86.Build.0 = Debug|Win32
		{A85A30B7-1B7A-4072-85E0-809BD8E61CF6}.Release|x64.ActiveCfg = Release|x64
		{A85A30B7-1B7A-4072-85E0-809BD8E61CF6}.Release|x64.Build.0 = Release|x64
		{A85A30B7-1B7A-4072-85E0-809BD8E61CF6}.Release|x86.ActiveCfg = Release|Win32
		{A85A30B7-1B7A-4072-85E0-809BD8E61CF6}.Release|x86.Build.0 = Release|Win32
	EndGlobalSection
	GlobalSection(SolutionProperties) = preSolution
		HideSolutionNode = FALSE
	EndGlobalSection
	GlobalSection(ExtensibilityGlobals) = postSolution
		SolutionGuid = {64A60DF7-99F7-4F9C-9CC5-3B183C5C0559}
	EndGlobalSection
EndGlobal
